# THIS IS AN AUTOGENERATED FILE. DO NOT EDIT THIS FILE DIRECTLY.
# yarn lockfile v1


svelte-loadable@^1.4.0:
  version "1.4.0"
  resolved "https://registry.yarnpkg.com/svelte-loadable/-/svelte-loadable-1.4.0.tgz#b67683987656e412fc9c274e86581bee864ee9b6"
  integrity sha512-m6LbuQeuWUE7JsTKvYldvg/bW9JJO7YzqPtq39DL+2cKAob78ycZH2D+FgWd+4LlNuPoHbxgOkSCuYIjZqw05g==
